
Microsoft Visual Studio Solution File, Format Version 12.00
# Visual Studio Version 16
VisualStudioVersion = 16.0.31129.286
MinimumVisualStudioVersion = 10.0.40219.1
Project("{FAE04EC0-301F-11D3-BF4B-00C04F79EFBC}") = "LibraryApp", "LibraryApp\LibraryApp.csproj", "{53CEB073-1673-433D-A94F-36BD5D0BBC48}"
EndProject
Global
	GlobalSection(SolutionConfigurationPlatforms) = preSolution
		Debug|Any CPU = Debug|Any CPU
		Release|Any CPU = Release|Any CPU
	EndGlobalSection
	GlobalSection(ProjectConfigurationPlatforms) = postSolution
		{53CEB073-1673-433D-A94F-36BD5D0BBC48}.Debug|Any CPU.ActiveCfg = Debug|Any CPU
		{53CEB073-1673-433D-A94F-36BD5D0BBC48}.Debug|Any CPU.Build.0 = Debug|Any CPU
		{53CEB073-1673-433D-A94F-36BD5D0BBC48}.Release|Any CPU.ActiveCfg = Release|Any CPU
		{53CEB073-1673-433D-A94F-36BD5D0BBC48}.Release|Any CPU.Build.0 = Release|Any CPU
	EndGlobalSection
	GlobalSection(SolutionProperties) = preSolution
		HideSolutionNode = FALSE
	EndGlobalSection
	GlobalSection(ExtensibilityGlobals) = postSolution
		SolutionGuid = {F49B5B74-FA3A-49A9-9530-4764516F4E96}
	EndGlobalSection
EndGlobal
